
Microsoft Visual Studio Solution File, Format Version 12.00
# Visual Studio 2013
VisualStudioVersion = 12.0.21005.1
MinimumVisualStudioVersion = 10.0.40219.1
Project("{FAE04EC0-301F-11D3-BF4B-00C04F79EFBC}") = "01.ExchangeIfGreater", "01.ExchangeIfGreater\01.ExchangeIfGreater.csproj", "{1C7329D4-9779-4BA9-9056-9ADE85B8DD19}"
EndProject
Project("{FAE04EC0-301F-11D3-BF4B-00C04F79EFBC}") = "02.BonusScore", "02.BonusScore\02.BonusScore.csproj", "{E73B5149-0782-42BC-A799-C73AA401495E}"
EndProject
Project("{FAE04EC0-301F-11D3-BF4B-00C04F79EFBC}") = "03.CheckForAPlayCard", "03.CheckForAPlayCard\03.CheckForAPlayCard.csproj", "{F5C0AD67-7E5F-44CA-BA19-BA10B53221D1}"
EndProject
Project("{FAE04EC0-301F-11D3-BF4B-00C04F79EFBC}") = "04.MultiplicationSign", "04.MultiplicationSign\04.MultiplicationSign.csproj", "{3AA37AA8-4877-4EA1-97F2-4930127C696D}"
EndProject
Project("{FAE04EC0-301F-11D3-BF4B-00C04F79EFBC}") = "05.TheBiggestOf3Numbers", "05.TheBiggestOf3Numbers\05.TheBiggestOf3Numbers.csproj", "{7A966E95-3555-4094-BF7F-CAA2B37E03AE}"
EndProject
Project("{FAE04EC0-301F-11D3-BF4B-00C04F79EFBC}") = "06.TheBiggestOfFiveNumbers", "06.TheBiggestOfFiveNumbers\06.TheBiggestOfFiveNumbers.csproj", "{9F9C14B6-9DD6-4E3E-8809-472547B0839C}"
EndProject
Project("{FAE04EC0-301F-11D3-BF4B-00C04F79EFBC}") = "07.Sort3NumbersWithNestedIfs", "07.Sort3NumbersWithNestedIfs\07.Sort3NumbersWithNestedIfs.csproj", "{9123C206-0F2A-4276-82A0-4DA38CAF69EC}"
EndProject
Project("{FAE04EC0-301F-11D3-BF4B-00C04F79EFBC}") = "08.DigitAsWord", "08.DigitAsWord\08.DigitAsWord.csproj", "{5903947B-864A-414C-94EA-3C8DACD0015C}"
EndProject
Project("{FAE04EC0-301F-11D3-BF4B-00C04F79EFBC}") = "09.PlayWithIngDoubleAndString", "09.PlayWithIngDoubleAndString\09.PlayWithIngDoubleAndString.csproj", "{875B2FC7-08BE-4C1C-B1FF-1A6DF73A1CAC}"
EndProject
Global
	GlobalSection(SolutionConfigurationPlatforms) = preSolution
		Debug|Any CPU = Debug|Any CPU
		Release|Any CPU = Release|Any CPU
	EndGlobalSection
	GlobalSection(ProjectConfigurationPlatforms) = postSolution
		{1C7329D4-9779-4BA9-9056-9ADE85B8DD19}.Debug|Any CPU.ActiveCfg = Debug|Any CPU
		{1C7329D4-9779-4BA9-9056-9ADE85B8DD19}.Debug|Any CPU.Build.0 = Debug|Any CPU
		{1C7329D4-9779-4BA9-9056-9ADE85B8DD19}.Release|Any CPU.ActiveCfg = Release|Any CPU
		{1C7329D4-9779-4BA9-9056-9ADE85B8DD19}.Release|Any CPU.Build.0 = Release|Any CPU
		{E73B5149-0782-42BC-A799-C73AA401495E}.Debug|Any CPU.ActiveCfg = Debug|Any CPU
		{E73B5149-0782-42BC-A799-C73AA401495E}.Debug|Any CPU.Build.0 = Debug|Any CPU
		{E73B5149-0782-42BC-A799-C73AA401495E}.Release|Any CPU.ActiveCfg = Release|Any CPU
		{E73B5149-0782-42BC-A799-C73AA401495E}.Release|Any CPU.Build.0 = Release|Any CPU
		{F5C0AD67-7E5F-44CA-BA19-BA10B53221D1}.Debug|Any CPU.ActiveCfg = Debug|Any CPU
		{F5C0AD67-7E5F-44CA-BA19-BA10B53221D1}.Debug|Any CPU.Build.0 = Debug|Any CPU
		{F5C0AD67-7E5F-44CA-BA19-BA10B53221D1}.Release|Any CPU.ActiveCfg = Release|Any CPU
		{F5C0AD67-7E5F-44CA-BA19-BA10B53221D1}.Release|Any CPU.Build.0 = Release|Any CPU
		{3AA37AA8-4877-4EA1-97F2-4930127C696D}.Debug|Any CPU.ActiveCfg = Debug|Any CPU
		{3AA37AA8-4877-4EA1-97F2-4930127C696D}.Debug|Any CPU.Build.0 = Debug|Any CPU
		{3AA37AA8-4877-4EA1-97F2-4930127C696D}.Release|Any CPU.ActiveCfg = Release|Any CPU
		{3AA37AA8-4877-4EA1-97F2-4930127C696D}.Release|Any CPU.Build.0 = Release|Any CPU
		{7A966E95-3555-4094-BF7F-CAA2B37E03AE}.Debug|Any CPU.ActiveCfg = Debug|Any CPU
		{7A966E95-3555-4094-BF7F-CAA2B37E03AE}.Debug|Any CPU.Build.0 = Debug|Any CPU
		{7A966E95-3555-4094-BF7F-CAA2B37E03AE}.Release|Any CPU.ActiveCfg = Release|Any CPU
		{7A966E95-3555-4094-BF7F-CAA2B37E03AE}.Release|Any CPU.Build.0 = Release|Any CPU
		{9F9C14B6-9DD6-4E3E-8809-472547B0839C}.Debug|Any CPU.ActiveCfg = Debug|Any CPU
		{9F9C14B6-9DD6-4E3E-8809-472547B0839C}.Debug|Any CPU.Build.0 = Debug|Any CPU
		{9F9C14B6-9DD6-4E3E-8809-472547B0839C}.Release|Any CPU.ActiveCfg = Release|Any CPU
		{9F9C14B6-9DD6-4E3E-8809-472547B0839C}.Release|Any CPU.Build.0 = Release|Any CPU
		{9123C206-0F2A-4276-82A0-4DA38CAF69EC}.Debug|Any CPU.ActiveCfg = Debug|Any CPU
		{9123C206-0F2A-4276-82A0-4DA38CAF69EC}.Debug|Any CPU.Build.0 = Debug|Any CPU
		{9123C206-0F2A-4276-82A0-4DA38CAF69EC}.Release|Any CPU.ActiveCfg = Release|Any CPU
		{9123C206-0F2A-4276-82A0-4DA38CAF69EC}.Release|Any CPU.Build.0 = Release|Any CPU
		{5903947B-864A-414C-94EA-3C8DACD0015C}.Debug|Any CPU.ActiveCfg = Debug|Any CPU
		{5903947B-864A-414C-94EA-3C8DACD0015C}.Debug|Any CPU.Build.0 = Debug|Any CPU
		{5903947B-864A-414C-94EA-3C8DACD0015C}.Release|Any CPU.ActiveCfg = Release|Any CPU
		{5903947B-864A-414C-94EA-3C8DACD0015C}.Release|Any CPU.Build.0 = Release|Any CPU
		{875B2FC7-08BE-4C1C-B1FF-1A6DF73A1CAC}.Debug|Any CPU.ActiveCfg = Debug|Any CPU
		{875B2FC7-08BE-4C1C-B1FF-1A6DF73A1CAC}.Debug|Any CPU.Build.0 = Debug|Any CPU
		{875B2FC7-08BE-4C1C-B1FF-1A6DF73A1CAC}.Release|Any CPU.ActiveCfg = Release|Any CPU
		{875B2FC7-08BE-4C1C-B1FF-1A6DF73A1CAC}.Release|Any CPU.Build.0 = Release|Any CPU
	EndGlobalSection
	GlobalSection(SolutionProperties) = preSolution
		HideSolutionNode = FALSE
	EndGlobalSection
EndGlobal
